
Microsoft Visual Studio Solution File, Format Version 12.00
# Visual Studio Version 16
VisualStudioVersion = 16.0.31729.503
MinimumVisualStudioVersion = 10.0.40219.1
Project("{FAE04EC0-301F-11D3-BF4B-00C04F79EFBC}") = "CTS.FSE2.CompanyAPI", "CTS.FSE2.CompanyAPI\CTS.FSE2.CompanyAPI.csproj", "{0A207FF6-176B-4F16-9320-8EDD3E88577B}"
EndProject
Project("{FAE04EC0-301F-11D3-BF4B-00C04F79EFBC}") = "CTS.FSE2.Company.DataLayer", "CTS.FSE2.Company.DataLayer\CTS.FSE2.Company.DataLayer.csproj", "{8C808BEE-D34E-4586-ACBB-BD91AC0CEE8D}"
EndProject
Project("{FAE04EC0-301F-11D3-BF4B-00C04F79EFBC}") = "CTS.FSE2.Company.BusinessLayer", "CTS.FSE2.Company.BusinessLayer\CTS.FSE2.Company.BusinessLayer.csproj", "{4EFB357F-82F4-479E-95A9-B8797728BA1B}"
EndProject
Global
	GlobalSection(SolutionConfigurationPlatforms) = preSolution
		Debug|Any CPU = Debug|Any CPU
		Release|Any CPU = Release|Any CPU
	EndGlobalSection
	GlobalSection(ProjectConfigurationPlatforms) = postSolution
		{0A207FF6-176B-4F16-9320-8EDD3E88577B}.Debug|Any CPU.ActiveCfg = Debug|Any CPU
		{0A207FF6-176B-4F16-9320-8EDD3E88577B}.Debug|Any CPU.Build.0 = Debug|Any CPU
		{0A207FF6-176B-4F16-9320-8EDD3E88577B}.Release|Any CPU.ActiveCfg = Release|Any CPU
		{0A207FF6-176B-4F16-9320-8EDD3E88577B}.Release|Any CPU.Build.0 = Release|Any CPU
		{8C808BEE-D34E-4586-ACBB-BD91AC0CEE8D}.Debug|Any CPU.ActiveCfg = Debug|Any CPU
		{8C808BEE-D34E-4586-ACBB-BD91AC0CEE8D}.Debug|Any CPU.Build.0 = Debug|Any CPU
		{8C808BEE-D34E-4586-ACBB-BD91AC0CEE8D}.Release|Any CPU.ActiveCfg = Release|Any CPU
		{8C808BEE-D34E-4586-ACBB-BD91AC0CEE8D}.Release|Any CPU.Build.0 = Release|Any CPU
		{4EFB357F-82F4-479E-95A9-B8797728BA1B}.Debug|Any CPU.ActiveCfg = Debug|Any CPU
		{4EFB357F-82F4-479E-95A9-B8797728BA1B}.Debug|Any CPU.Build.0 = Debug|Any CPU
		{4EFB357F-82F4-479E-95A9-B8797728BA1B}.Release|Any CPU.ActiveCfg = Release|Any CPU
		{4EFB357F-82F4-479E-95A9-B8797728BA1B}.Release|Any CPU.Build.0 = Release|Any CPU
	EndGlobalSection
	GlobalSection(SolutionProperties) = preSolution
		HideSolutionNode = FALSE
	EndGlobalSection
	GlobalSection(ExtensibilityGlobals) = postSolution
		SolutionGuid = {0ABA3727-D552-4BA9-B177-92C8413CEDE9}
	EndGlobalSection
EndGlobal
